// !$*UTF8*$!
{
	archiveVersion = 1;
	classes = {
	};
	objectVersion = 50;
	objects = {

/* Begin PBXBuildFile section */
		8B49EE192229E1920049C7D8 /* AppDelegate.m in Sources */ = {isa = PBXBuildFile; fileRef = 8B49EE182229E1920049C7D8 /* AppDelegate.m */; };
		8B49EE1C2229E1920049C7D8 /* ViewController.m in Sources */ = {isa = PBXBuildFile; fileRef = 8B49EE1B2229E1920049C7D8 /* ViewController.m */; };
		8B49EE1F2229E1920049C7D8 /* Main.storyboard in Resources */ = {isa = PBXBuildFile; fileRef = 8B49EE1D2229E1920049C7D8 /* Main.storyboard */; };
		8B49EE212229E1930049C7D8 /* Assets.xcassets in Resources */ = {isa = PBXBuildFile; fileRef = 8B49EE202229E1930049C7D8 /* Assets.xcassets */; };
		8B49EE242229E1930049C7D8 /* LaunchScreen.storyboard in Resources */ = {isa = PBXBuildFile; fileRef = 8B49EE222229E1930049C7D8 /* LaunchScreen.storyboard */; };
		8B49EE272229E1930049C7D8 /* main.m in Sources */ = {isa = PBXBuildFile; fileRef = 8B49EE262229E1930049C7D8 /* main.m */; };
		8B49EE32222F1C850049C7D8 /* Animal.m in Sources */ = {isa = PBXBuildFile; fileRef = 8B49EE31222F1C850049C7D8 /* Animal.m */; };
		8B49EE35222F2EAF0049C7D8 /* Canine.m in Sources */ = {isa = PBXBuildFile; fileRef = 8B49EE34222F2EAF0049C7D8 /* Canine.m */; };
		8B49EE38222F30780049C7D8 /* Chihuahua.m in Sources */ = {isa = PBXBuildFile; fileRef = 8B49EE37222F30780049C7D8 /* Chihuahua.m */; };
		8B49EE3B222F37090049C7D8 /* NSString+Translator.m in Sources */ = {isa = PBXBuildFile; fileRef = 8B49EE3A222F37090049C7D8 /* NSString+Translator.m */; };
/* End PBXBuildFile section */

/* Begin PBXFileReference section */
		8B49EE142229E1920049C7D8 /* ObjectiveCBasics.app */ = {isa = PBXFileReference; explicitFileType = wrapper.application; includeInIndex = 0; path = ObjectiveCBasics.app; sourceTree = BUILT_PRODUCTS_DIR; };
		8B49EE172229E1920049C7D8 /* AppDelegate.h */ = {isa = PBXFileReference; lastKnownFileType = sourcecode.c.h; path = AppDelegate.h; sourceTree = "<group>"; };
		8B49EE182229E1920049C7D8 /* AppDelegate.m */ = {isa = PBXFileReference; lastKnownFileType = sourcecode.c.objc; path = AppDelegate.m; sourceTree = "<group>"; };
		8B49EE1A2229E1920049C7D8 /* ViewController.h */ = {isa = PBXFileReference; lastKnownFileType = sourcecode.c.h; path = ViewController.h; sourceTree = "<group>"; };
		8B49EE1B2229E1920049C7D8 /* ViewController.m */ = {isa = PBXFileReference; lastKnownFileType = sourcecode.c.objc; path = ViewController.m; sourceTree = "<group>"; };
		8B49EE1E2229E1920049C7D8 /* Base */ = {isa = PBXFileReference; lastKnownFileType = file.storyboard; name = Base; path = Base.lproj/Main.storyboard; sourceTree = "<group>"; };
		8B49EE202229E1930049C7D8 /* Assets.xcassets */ = {isa = PBXFileReference; lastKnownFileType = folder.assetcatalog; path = Assets.xcassets; sourceTree = "<group>"; };
		8B49EE232229E1930049C7D8 /* Base */ = {isa = PBXFileReference; lastKnownFileType = file.storyboard; name = Base; path = Base.lproj/LaunchScreen.storyboard; sourceTree = "<group>"; };
		8B49EE252229E1930049C7D8 /* Info.plist */ = {isa = PBXFileReference; lastKnownFileType = text.plist.xml; path = Info.plist; sourceTree = "<group>"; };
		8B49EE262229E1930049C7D8 /* main.m */ = {isa = PBXFileReference; lastKnownFileType = sourcecode.c.objc; path = main.m; sourceTree = "<group>"; };
		8B49EE30222F1C850049C7D8 /* Animal.h */ = {isa = PBXFileReference; lastKnownFileType = sourcecode.c.h; path = Animal.h; sourceTree = "<group>"; };
		8B49EE31222F1C850049C7D8 /* Animal.m */ = {isa = PBXFileReference; lastKnownFileType = sourcecode.c.objc; path = Animal.m; sourceTree = "<group>"; };
		8B49EE33222F2EAF0049C7D8 /* Canine.h */ = {isa = PBXFileReference; lastKnownFileType = sourcecode.c.h; path = Canine.h; sourceTree = "<group>"; };
		8B49EE34222F2EAF0049C7D8 /* Canine.m */ = {isa = PBXFileReference; lastKnownFileType = sourcecode.c.objc; path = Canine.m; sourceTree = "<group>"; };
		8B49EE36222F30780049C7D8 /* Chihuahua.h */ = {isa = PBXFileReference; lastKnownFileType = sourcecode.c.h; path = Chihuahua.h; sourceTree = "<group>"; };
		8B49EE37222F30780049C7D8 /* Chihuahua.m */ = {isa = PBXFileReference; lastKnownFileType = sourcecode.c.objc; path = Chihuahua.m; sourceTree = "<group>"; };
		8B49EE39222F37090049C7D8 /* NSString+Translator.h */ = {isa = PBXFileReference; lastKnownFileType = sourcecode.c.h; path = "NSString+Translator.h"; sourceTree = "<group>"; };
		8B49EE3A222F37090049C7D8 /* NSString+Translator.m */ = {isa = PBXFileReference; lastKnownFileType = sourcecode.c.objc; path = "NSString+Translator.m"; sourceTree = "<group>"; };
		8B49EE3C222F3A390049C7D8 /* Hunt.h */ = {isa = PBXFileReference; lastKnownFileType = sourcecode.c.h; path = Hunt.h; sourceTree = "<group>"; };
/* End PBXFileReference section */

/* Begin PBXFrameworksBuildPhase section */
		8B49EE112229E1920049C7D8 /* Frameworks */ = {
			isa = PBXFrameworksBuildPhase;
			buildActionMask = 2147483647;
			files = (
			);
			runOnlyForDeploymentPostprocessing = 0;
		};
/* End PBXFrameworksBuildPhase section */

/* Begin PBXGroup section */
		8B49EE0B2229E1920049C7D8 = {
			isa = PBXGroup;
			children = (
				8B49EE162229E1920049C7D8 /* ObjectiveCBasics */,
				8B49EE152229E1920049C7D8 /* Products */,
			);
			sourceTree = "<group>";
		};
		8B49EE152229E1920049C7D8 /* Products */ = {
			isa = PBXGroup;
			children = (
				8B49EE142229E1920049C7D8 /* ObjectiveCBasics.app */,
			);
			name = Products;
			sourceTree = "<group>";
		};
		8B49EE162229E1920049C7D8 /* ObjectiveCBasics */ = {
			isa = PBXGroup;
			children = (
				8B49EE3C222F3A390049C7D8 /* Hunt.h */,
				8B49EE30222F1C850049C7D8 /* Animal.h */,
				8B49EE31222F1C850049C7D8 /* Animal.m */,
				8B49EE33222F2EAF0049C7D8 /* Canine.h */,
				8B49EE34222F2EAF0049C7D8 /* Canine.m */,
				8B49EE36222F30780049C7D8 /* Chihuahua.h */,
				8B49EE37222F30780049C7D8 /* Chihuahua.m */,
				8B49EE172229E1920049C7D8 /* AppDelegate.h */,
				8B49EE182229E1920049C7D8 /* AppDelegate.m */,
				8B49EE1A2229E1920049C7D8 /* ViewController.h */,
				8B49EE1B2229E1920049C7D8 /* ViewController.m */,
				8B49EE39222F37090049C7D8 /* NSString+Translator.h */,
				8B49EE3A222F37090049C7D8 /* NSString+Translator.m */,
				8B49EE1D2229E1920049C7D8 /* Main.storyboard */,
				8B49EE202229E1930049C7D8 /* Assets.xcassets */,
				8B49EE222229E1930049C7D8 /* LaunchScreen.storyboard */,
				8B49EE252229E1930049C7D8 /* Info.plist */,
				8B49EE262229E1930049C7D8 /* main.m */,
			);
			path = ObjectiveCBasics;
			sourceTree = "<group>";
		};
/* End PBXGroup section */

/* Begin PBXNativeTarget section */
		8B49EE132229E1920049C7D8 /* ObjectiveCBasics */ = {
			isa = PBXNativeTarget;
			buildConfigurationList = 8B49EE2A2229E1930049C7D8 /* Build configuration list for PBXNativeTarget "ObjectiveCBasics" */;
			buildPhases = (
				8B49EE102229E1920049C7D8 /* Sources */,
				8B49EE112229E1920049C7D8 /* Frameworks */,
				8B49EE122229E1920049C7D8 /* Resources */,
			);
			buildRules = (
			);
			dependencies = (
			);
			name = ObjectiveCBasics;
			productName = ObjectiveCBasics;
			productReference = 8B49EE142229E1920049C7D8 /* ObjectiveCBasics.app */;
			productType = "com.apple.product-type.application";
		};
/* End PBXNativeTarget section */

/* Begin PBXProject section */
		8B49EE0C2229E1920049C7D8 /* Project object */ = {
			isa = PBXProject;
			attributes = {
				LastUpgradeCheck = 1010;
				ORGANIZATIONNAME = "Rey Matsunaga";
				TargetAttributes = {
					8B49EE132229E1920049C7D8 = {
						CreatedOnToolsVersion = 10.1;
					};
				};
			};
			buildConfigurationList = 8B49EE0F2229E1920049C7D8 /* Build configuration list for PBXProject "ObjectiveCBasics" */;
			compatibilityVersion = "Xcode 9.3";
			developmentRegion = en;
			hasScannedForEncodings = 0;
			knownRegions = (
				en,
				Base,
			);
			mainGroup = 8B49EE0B2229E1920049C7D8;
			productRefGroup = 8B49EE152229E1920049C7D8 /* Products */;
			projectDirPath = "";
			projectRoot = "";
			targets = (
				8B49EE132229E1920049C7D8 /* ObjectiveCBasics */,
			);
		};
/* End PBXProject section */

/* Begin PBXResourcesBuildPhase section */
		8B49EE122229E1920049C7D8 /* Resources */ = {
			isa = PBXResourcesBuildPhase;
			buildActionMask = 2147483647;
			files = (
				8B49EE242229E1930049C7D8 /* LaunchScreen.storyboard in Resources */,
				8B49EE212229E1930049C7D8 /* Assets.xcassets in Resources */,
				8B49EE1F2229E1920049C7D8 /* Main.storyboard in Resources */,
			);
			runOnlyForDeploymentPostprocessing = 0;
		};
/* End PBXResourcesBuildPhase section */

/* Begin PBXSourcesBuildPhase section */
		8B49EE102229E1920049C7D8 /* Sources */ = {
			isa = PBXSourcesBuildPhase;
			buildActionMask = 2147483647;
			files = (
				8B49EE1C2229E1920049C7D8 /* ViewController.m in Sources */,
				8B49EE32222F1C850049C7D8 /* Animal.m in Sources */,
				8B49EE3B222F37090049C7D8 /* NSString+Translator.m in Sources */,
				8B49EE38222F30780049C7D8 /* Chihuahua.m in Sources */,
				8B49EE272229E1930049C7D8 /* main.m in Sources */,
				8B49EE192229E1920049C7D8 /* AppDelegate.m in Sources */,
				8B49EE35222F2EAF0049C7D8 /* Canine.m in Sources */,
			);
			runOnlyForDeploymentPostprocessing = 0;
		};
/* End PBXSourcesBuildPhase section */

/* Begin PBXVariantGroup section */
		8B49EE1D2229E1920049C7D8 /* Main.storyboard */ = {
			isa = PBXVariantGroup;
			children = (
				8B49EE1E2229E1920049C7D8 /* Base */,
			);
			name = Main.storyboard;
			sourceTree = "<group>";
		};
		8B49EE222229E1930049C7D8 /* LaunchScreen.storyboard */ = {
			isa = PBXVariantGroup;
			children = (
				8B49EE232229E1930049C7D8 /* Base */,
			);
			name = LaunchScreen.storyboard;
			sourceTree = "<group>";
		};
/* End PBXVariantGroup section */

/* Begin XCBuildConfiguration section */
		8B49EE282229E1930049C7D8 /* Debug */ = {
			isa = XCBuildConfiguration;
			buildSettings = {
				ALWAYS_SEARCH_USER_PATHS = NO;
				CLANG_ANALYZER_NONNULL = YES;
				CLANG_ANALYZER_NUMBER_OBJECT_CONVERSION = YES_AGGRESSIVE;
				CLANG_CXX_LANGUAGE_STANDARD = "gnu++14";
				CLANG_CXX_LIBRARY = "libc++";
				CLANG_ENABLE_MODULES = YES;
				CLANG_ENABLE_OBJC_ARC = YES;
				CLANG_ENABLE_OBJC_WEAK = YES;
				CLANG_WARN_BLOCK_CAPTURE_AUTORELEASING = YES;
				CLANG_WARN_BOOL_CONVERSION = YES;
				CLANG_WARN_COMMA = YES;
				CLANG_WARN_CONSTANT_CONVERSION = YES;
				CLANG_WARN_DEPRECATED_OBJC_IMPLEMENTATIONS = YES;
				CLANG_WARN_DIRECT_OBJC_ISA_USAGE = YES_ERROR;
				CLANG_WARN_DOCUMENTATION_COMMENTS = YES;
				CLANG_WARN_EMPTY_BODY = YES;
				CLANG_WARN_ENUM_CONVERSION = YES;
				CLANG_WARN_INFINITE_RECURSION = YES;
				CLANG_WARN_INT_CONVERSION = YES;
				CLANG_WARN_NON_LITERAL_NULL_CONVERSION = YES;
				CLANG_WARN_OBJC_IMPLICIT_RETAIN_SELF = YES;
				CLANG_WARN_OBJC_LITERAL_CONVERSION = YES;
				CLANG_WARN_OBJC_ROOT_CLASS = YES_ERROR;
				CLANG_WARN_RANGE_LOOP_ANALYSIS = YES;
				CLANG_WARN_STRICT_PROTOTYPES = YES;
				CLANG_WARN_SUSPICIOUS_MOVE = YES;
				CLANG_WARN_UNGUARDED_AVAILABILITY = YES_AGGRESSIVE;
				CLANG_WARN_UNREACHABLE_CODE = YES;
				CLANG_WARN__DUPLICATE_METHOD_MATCH = YES;
				CODE_SIGN_IDENTITY = "iPhone Developer";
				COPY_PHASE_STRIP = NO;
				DEBUG_INFORMATION_FORMAT = dwarf;
				ENABLE_STRICT_OBJC_MSGSEND = YES;
				ENABLE_TESTABILITY = YES;
				GCC_C_LANGUAGE_STANDARD = gnu11;
				GCC_DYNAMIC_NO_PIC = NO;
				GCC_NO_COMMON_BLOCKS = YES;
				GCC_OPTIMIZATION_LEVEL = 0;
				GCC_PREPROCESSOR_DEFINITIONS = (
					"DEBUG=1",
					"$(inherited)",
				);
				GCC_WARN_64_TO_32_BIT_CONVERSION = YES;
				GCC_WARN_ABOUT_RETURN_TYPE = YES_ERROR;
				GCC_WARN_UNDECLARED_SELECTOR = YES;
				GCC_WARN_UNINITIALIZED_AUTOS = YES_AGGRESSIVE;
				GCC_WARN_UNUSED_FUNCTION = YES;
				GCC_WARN_UNUSED_VARIABLE = YES;
				IPHONEOS_DEPLOYMENT_TARGET = 12.1;
				MTL_ENABLE_DEBUG_INFO = INCLUDE_SOURCE;
				MTL_FAST_MATH = YES;
				ONLY_ACTIVE_ARCH = YES;
				SDKROOT = iphoneos;
			};
			name = Debug;
		};
		8B49EE292229E1930049C7D8 /* Release */ = {
			isa = XCBuildConfiguration;
			buildSettings = {
				ALWAYS_SEARCH_USER_PATHS = NO;
				CLANG_ANALYZER_NONNULL = YES;
				CLANG_ANALYZER_NUMBER_OBJECT_CONVERSION = YES_AGGRESSIVE;
				CLANG_CXX_LANGUAGE_STANDARD = "gnu++14";
				CLANG_CXX_LIBRARY = "libc++";
				CLANG_ENABLE_MODULES = YES;
				CLANG_ENABLE_OBJC_ARC = YES;
				CLANG_ENABLE_OBJC_WEAK = YES;
				CLANG_WARN_BLOCK_CAPTURE_AUTORELEASING = YES;
				CLANG_WARN_BOOL_CONVERSION = YES;
				CLANG_WARN_COMMA = YES;
				CLANG_WARN_CONSTANT_CONVERSION = YES;
				CLANG_WARN_DEPRECATED_OBJC_IMPLEMENTATIONS = YES;
				CLANG_WARN_DIRECT_OBJC_ISA_USAGE = YES_ERROR;
				CLANG_WARN_DOCUMENTATION_COMMENTS = YES;
				CLANG_WARN_EMPTY_BODY = YES;
				CLANG_WARN_ENUM_CONVERSION = YES;
				CLANG_WARN_INFINITE_RECURSION = YES;
				CLANG_WARN_INT_CONVERSION = YES;
				CLANG_WARN_NON_LITERAL_NULL_CONVERSION = YES;
				CLANG_WARN_OBJC_IMPLICIT_RETAIN_SELF = YES;
				CLANG_WARN_OBJC_LITERAL_CONVERSION = YES;
				CLANG_WARN_OBJC_ROOT_CLASS = YES_ERROR;
				CLANG_WARN_RANGE_LOOP_ANALYSIS = YES;
				CLANG_WARN_STRICT_PROTOTYPES = YES;
				CLANG_WARN_SUSPICIOUS_MOVE = YES;
				CLANG_WARN_UNGUARDED_AVAILABILITY = YES_AGGRESSIVE;
				CLANG_WARN_UNREACHABLE_CODE = YES;
				CLANG_WARN__DUPLICATE_METHOD_MATCH = YES;
				CODE_SIGN_IDENTITY = "iPhone Developer";
				COPY_PHASE_STRIP = NO;
				DEBUG_INFORMATION_FORMAT = "dwarf-with-dsym";
				ENABLE_NS_ASSERTIONS = NO;
				ENABLE_STRICT_OBJC_MSGSEND = YES;
				GCC_C_LANGUAGE_STANDARD = gnu11;
				GCC_NO_COMMON_BLOCKS = YES;
				GCC_WARN_64_TO_32_BIT_CONVERSION = YES;
				GCC_WARN_ABOUT_RETURN_TYPE = YES_ERROR;
				GCC_WARN_UNDECLARED_SELECTOR = YES;
				GCC_WARN_UNINITIALIZED_AUTOS = YES_AGGRESSIVE;
				GCC_WARN_UNUSED_FUNCTION = YES;
				GCC_WARN_UNUSED_VARIABLE = YES;
				IPHONEOS_DEPLOYMENT_TARGET = 12.1;
				MTL_ENABLE_DEBUG_INFO = NO;
				MTL_FAST_MATH = YES;
				SDKROOT = iphoneos;
				VALIDATE_PRODUCT = YES;
			};
			name = Release;
		};
		8B49EE2B2229E1930049C7D8 /* Debug */ = {
			isa = XCBuildConfiguration;
			buildSettings = {
				ASSETCATALOG_COMPILER_APPICON_NAME = AppIcon;
				CODE_SIGN_STYLE = Automatic;
				DEVELOPMENT_TEAM = L9LZ78T3ML;
				INFOPLIST_FILE = ObjectiveCBasics/Info.plist;
				LD_RUNPATH_SEARCH_PATHS = (
					"$(inherited)",
					"@executable_path/Frameworks",
				);
				PRODUCT_BUNDLE_IDENTIFIER = com.reymatsunaga.ObjectiveCBasics;
				PRODUCT_NAME = "$(TARGET_NAME)";
				TARGETED_DEVICE_FAMILY = "1,2";
			};
			name = Debug;
		};
		8B49EE2C2229E1930049C7D8 /* Release */ = {
			isa = XCBuildConfiguration;
			buildSettings = {
				ASSETCATALOG_COMPILER_APPICON_NAME = AppIcon;
				CODE_SIGN_STYLE = Automatic;
				DEVELOPMENT_TEAM = L9LZ78T3ML;
				INFOPLIST_FILE = ObjectiveCBasics/Info.plist;
				LD_RUNPATH_SEARCH_PATHS = (
					"$(inherited)",
					"@executable_path/Frameworks",
				);
				PRODUCT_BUNDLE_IDENTIFIER = com.reymatsunaga.ObjectiveCBasics;
				PRODUCT_NAME = "$(TARGET_NAME)";
				TARGETED_DEVICE_FAMILY = "1,2";
			};
			name = Release;
		};
/* End XCBuildConfiguration section */

/* Begin XCConfigurationList section */
		8B49EE0F2229E1920049C7D8 /* Build configuration list for PBXProject "ObjectiveCBasics" */ = {
			isa = XCConfigurationList;
			buildConfigurations = (
				8B49EE282229E1930049C7D8 /* Debug */,
				8B49EE292229E1930049C7D8 /* Release */,
			);
			defaultConfigurationIsVisible = 0;
			defaultConfigurationName = Release;
		};
		8B49EE2A2229E1930049C7D8 /* Build configuration list for PBXNativeTarget "ObjectiveCBasics" */ = {
			isa = XCConfigurationList;
			buildConfigurations = (
				8B49EE2B2229E1930049C7D8 /* Debug */,
				8B49EE2C2229E1930049C7D8 /* Release */,
			);
			defaultConfigurationIsVisible = 0;
			defaultConfigurationName = Release;
		};
/* End XCConfigurationList section */
	};
	rootObject = 8B49EE0C2229E1920049C7D8 /* Project object */;
}
